
Microsoft Visual Studio Solution File, Format Version 11.00
# Visual Studio 2010
Project("{FAE04EC0-301F-11D3-BF4B-00C04F79EFBC}") = "carOnline", "carOnline\carOnline.csproj", "{AA2625BB-C418-4F76-83E2-640B0FF6B479}"
EndProject
Global
	GlobalSection(SolutionConfigurationPlatforms) = preSolution
		Debug|Any CPU = Debug|Any CPU
		Release|Any CPU = Release|Any CPU
	EndGlobalSection
	GlobalSection(ProjectConfigurationPlatforms) = postSolution
		{AA2625BB-C418-4F76-83E2-640B0FF6B479}.Debug|Any CPU.ActiveCfg = Debug|Any CPU
		{AA2625BB-C418-4F76-83E2-640B0FF6B479}.Debug|Any CPU.Build.0 = Debug|Any CPU
		{AA2625BB-C418-4F76-83E2-640B0FF6B479}.Release|Any CPU.ActiveCfg = Release|Any CPU
		{AA2625BB-C418-4F76-83E2-640B0FF6B479}.Release|Any CPU.Build.0 = Release|Any CPU
	EndGlobalSection
	GlobalSection(SolutionProperties) = preSolution
		HideSolutionNode = FALSE
	EndGlobalSection
EndGlobal
